Microsoft Visual Studio Solution File, Format Version 11.00
# Visual Studio 2015
Project("{1AE0005E-092D-585B-AF98-9B23D567D06F}") = "Time-Based", "Time-Based.vcxproj", "{F07C6F8C-A48E-3875-179F-DA8EF040CF4D}"
EndProject
Global
	GlobalSection(SolutionConfigurationPlatforms) = preSolution
		Debug|Win32 = Debug|Win32
		Release|Win32 = Release|Win32
	EndGlobalSection
	GlobalSection(ProjectConfigurationPlatforms) = postSolution
		{F07C6F8C-A48E-3875-179F-DA8EF040CF4D}.Debug|Win32.ActiveCfg = Debug|Win32
		{F07C6F8C-A48E-3875-179F-DA8EF040CF4D}.Debug|Win32.Build.0 = Debug|Win32
		{F07C6F8C-A48E-3875-179F-DA8EF040CF4D}.Release|Win32.ActiveCfg = Release|Win32
		{F07C6F8C-A48E-3875-179F-DA8EF040CF4D}.Release|Win32.Build.0 = Release|Win32
	EndGlobalSection
	GlobalSection(SolutionProperties) = preSolution
		HideSolutionNode = FALSE
	EndGlobalSection
EndGlobal
