Microsoft Visual Studio Solution File, Format Version 11.00
# Visual Studio 2015
Project("{FF4E561B-A1B1-DD66-D994-11DD986C421E}") = "LadderFilter", "LadderFilter.vcxproj", "{D2E6F191-B456-8202-F7D5-B37B8863BE8F}"
EndProject
Global
	GlobalSection(SolutionConfigurationPlatforms) = preSolution
		Debug|x64 = Debug|x64
		Release|x64 = Release|x64
	EndGlobalSection
	GlobalSection(ProjectConfigurationPlatforms) = postSolution
		{D2E6F191-B456-8202-F7D5-B37B8863BE8F}.Debug|x64.ActiveCfg = Debug|x64
		{D2E6F191-B456-8202-F7D5-B37B8863BE8F}.Debug|x64.Build.0 = Debug|x64
		{D2E6F191-B456-8202-F7D5-B37B8863BE8F}.Release|x64.ActiveCfg = Release|x64
		{D2E6F191-B456-8202-F7D5-B37B8863BE8F}.Release|x64.Build.0 = Release|x64
	EndGlobalSection
	GlobalSection(SolutionProperties) = preSolution
		HideSolutionNode = FALSE
	EndGlobalSection
EndGlobal
