Microsoft Visual Studio Solution File, Format Version 11.00
# Visual Studio 2015
Project("{CB0D496F-A210-6E2A-C387-ED387A10AA16}") = "DuelingOscillators", "DuelingOscillators.vcxproj", "{366AB49E-B4DA-865D-F246-BBBA5C575275}"
EndProject
Global
	GlobalSection(SolutionConfigurationPlatforms) = preSolution
		Debug|Win32 = Debug|Win32
		Release|Win32 = Release|Win32
	EndGlobalSection
	GlobalSection(ProjectConfigurationPlatforms) = postSolution
		{366AB49E-B4DA-865D-F246-BBBA5C575275}.Debug|Win32.ActiveCfg = Debug|Win32
		{366AB49E-B4DA-865D-F246-BBBA5C575275}.Debug|Win32.Build.0 = Debug|Win32
		{366AB49E-B4DA-865D-F246-BBBA5C575275}.Release|Win32.ActiveCfg = Release|Win32
		{366AB49E-B4DA-865D-F246-BBBA5C575275}.Release|Win32.Build.0 = Release|Win32
	EndGlobalSection
	GlobalSection(SolutionProperties) = preSolution
		HideSolutionNode = FALSE
	EndGlobalSection
EndGlobal
